
Microsoft Visual Studio Solution File, Format Version 12.00
# Visual Studio Version 17
VisualStudioVersion = 17.11.35312.102
MinimumVisualStudioVersion = 10.0.40219.1
Project("{FAE04EC0-301F-11D3-BF4B-00C04F79EFBC}") = "SecureScanPro", "SecureScanPro\SecureScanPro.csproj", "{98F031BD-79D5-4CAE-996A-D94CEBAA10A6}"
EndProject
Global
	GlobalSection(SolutionConfigurationPlatforms) = preSolution
		Debug|Any CPU = Debug|Any CPU
		Release|Any CPU = Release|Any CPU
	EndGlobalSection
	GlobalSection(ProjectConfigurationPlatforms) = postSolution
		{98F031BD-79D5-4CAE-996A-D94CEBAA10A6}.Debug|Any CPU.ActiveCfg = Debug|Any CPU
		{98F031BD-79D5-4CAE-996A-D94CEBAA10A6}.Debug|Any CPU.Build.0 = Debug|Any CPU
		{98F031BD-79D5-4CAE-996A-D94CEBAA10A6}.Release|Any CPU.ActiveCfg = Release|Any CPU
		{98F031BD-79D5-4CAE-996A-D94CEBAA10A6}.Release|Any CPU.Build.0 = Release|Any CPU
	EndGlobalSection
	GlobalSection(SolutionProperties) = preSolution
		HideSolutionNode = FALSE
	EndGlobalSection
	GlobalSection(ExtensibilityGlobals) = postSolution
		SolutionGuid = {931287B5-47FE-4710-BB44-8B2F09027360}
	EndGlobalSection
EndGlobal
